
Microsoft Visual Studio Solution File, Format Version 12.00
# Visual Studio Version 17
VisualStudioVersion = 17.7.34024.191
MinimumVisualStudioVersion = 10.0.40219.1
Project("{FAE04EC0-301F-11D3-BF4B-00C04F79EFBC}") = "Fee Management", "Fee Management.csproj", "{6F4459CA-EDAE-4972-B6BB-CD88581A1825}"
EndProject
Global
	GlobalSection(SolutionConfigurationPlatforms) = preSolution
		Debug|Any CPU = Debug|Any CPU
		Release|Any CPU = Release|Any CPU
	EndGlobalSection
	GlobalSection(ProjectConfigurationPlatforms) = postSolution
		{6F4459CA-EDAE-4972-B6BB-CD88581A1825}.Debug|Any CPU.ActiveCfg = Debug|Any CPU
		{6F4459CA-EDAE-4972-B6BB-CD88581A1825}.Debug|Any CPU.Build.0 = Debug|Any CPU
		{6F4459CA-EDAE-4972-B6BB-CD88581A1825}.Release|Any CPU.ActiveCfg = Release|Any CPU
		{6F4459CA-EDAE-4972-B6BB-CD88581A1825}.Release|Any CPU.Build.0 = Release|Any CPU
	EndGlobalSection
	GlobalSection(SolutionProperties) = preSolution
		HideSolutionNode = FALSE
	EndGlobalSection
	GlobalSection(ExtensibilityGlobals) = postSolution
		SolutionGuid = {39D05EF2-096F-418F-BCEE-1FDA9C0DA7BC}
	EndGlobalSection
EndGlobal
